// !$*UTF8*$!
{
	archiveVersion = 1;
	classes = {
	};
	objectVersion = 46;
	objects = {

/* Begin PBXBuildFile section */
		AC3FCE611E2A5F5100DB7478 /* main.m in Sources */ = {isa = PBXBuildFile; fileRef = AC3FCE601E2A5F5100DB7478 /* main.m */; };
/* End PBXBuildFile section */

/* Begin PBXCopyFilesBuildPhase section */
		AC3FCE5B1E2A5F5100DB7478 /* CopyFiles */ = {
			isa = PBXCopyFilesBuildPhase;
			buildActionMask = 2147483647;
			dstPath = /usr/share/man/man1/;
			dstSubfolderSpec = 0;
			files = (
			);
			runOnlyForDeploymentPostprocessing = 1;
		};
/* End PBXCopyFilesBuildPhase section */

/* Begin PBXFileReference section */
		AC3FCE5D1E2A5F5100DB7478 /* XcodeSimulatorTrasher */ = {isa = PBXFileReference; explicitFileType = "compiled.mach-o.executable"; includeInIndex = 0; path = XcodeSimulatorTrasher; sourceTree = BUILT_PRODUCTS_DIR; };
		AC3FCE601E2A5F5100DB7478 /* main.m */ = {isa = PBXFileReference; lastKnownFileType = sourcecode.c.objc; path = main.m; sourceTree = "<group>"; };
/* End PBXFileReference section */

/* Begin PBXFrameworksBuildPhase section */
		AC3FCE5A1E2A5F5100DB7478 /* Frameworks */ = {
			isa = PBXFrameworksBuildPhase;
			buildActionMask = 2147483647;
			files = (
			);
			runOnlyForDeploymentPostprocessing = 0;
		};
/* End PBXFrameworksBuildPhase section */

/* Begin PBXGroup section */
		AC3FCE541E2A5F5100DB7478 = {
			isa = PBXGroup;
			children = (
				AC3FCE5F1E2A5F5100DB7478 /* XcodeSimulatorTrasher */,
				AC3FCE5E1E2A5F5100DB7478 /* Products */,
			);
			sourceTree = "<group>";
		};
		AC3FCE5E1E2A5F5100DB7478 /* Products */ = {
			isa = PBXGroup;
			children = (
				AC3FCE5D1E2A5F5100DB7478 /* XcodeSimulatorTrasher */,
			);
			name = Products;
			sourceTree = "<group>";
		};
		AC3FCE5F1E2A5F5100DB7478 /* XcodeSimulatorTrasher */ = {
			isa = PBXGroup;
			children = (
				AC3FCE601E2A5F5100DB7478 /* main.m */,
			);
			path = XcodeSimulatorTrasher;
			sourceTree = "<group>";
		};
/* End PBXGroup section */

/* Begin PBXNativeTarget section */
		AC3FCE5C1E2A5F5100DB7478 /* XcodeSimulatorTrasher */ = {
			isa = PBXNativeTarget;
			buildConfigurationList = AC3FCE641E2A5F5100DB7478 /* Build configuration list for PBXNativeTarget "XcodeSimulatorTrasher" */;
			buildPhases = (
				AC3FCE591E2A5F5100DB7478 /* Sources */,
				AC3FCE5A1E2A5F5100DB7478 /* Frameworks */,
				AC3FCE5B1E2A5F5100DB7478 /* CopyFiles */,
			);
			buildRules = (
			);
			dependencies = (
			);
			name = XcodeSimulatorTrasher;
			productName = XcodeSimulatorTrasher;
			productReference = AC3FCE5D1E2A5F5100DB7478 /* XcodeSimulatorTrasher */;
			productType = "com.apple.product-type.tool";
		};
/* End PBXNativeTarget section */

/* Begin PBXProject section */
		AC3FCE551E2A5F5100DB7478 /* Project object */ = {
			isa = PBXProject;
			attributes = {
				LastUpgradeCheck = 0820;
				ORGANIZATIONNAME = "Andrey Filipenkov";
				TargetAttributes = {
					AC3FCE5C1E2A5F5100DB7478 = {
						CreatedOnToolsVersion = 8.2.1;
						ProvisioningStyle = Automatic;
					};
				};
			};
			buildConfigurationList = AC3FCE581E2A5F5100DB7478 /* Build configuration list for PBXProject "XcodeSimulatorTrasher" */;
			compatibilityVersion = "Xcode 3.2";
			developmentRegion = English;
			hasScannedForEncodings = 0;
			knownRegions = (
				en,
			);
			mainGroup = AC3FCE541E2A5F5100DB7478;
			productRefGroup = AC3FCE5E1E2A5F5100DB7478 /* Products */;
			projectDirPath = "";
			projectRoot = "";
			targets = (
				AC3FCE5C1E2A5F5100DB7478 /* XcodeSimulatorTrasher */,
			);
		};
/* End PBXProject section */

/* Begin PBXSourcesBuildPhase section */
		AC3FCE591E2A5F5100DB7478 /* Sources */ = {
			isa = PBXSourcesBuildPhase;
			buildActionMask = 2147483647;
			files = (
				AC3FCE611E2A5F5100DB7478 /* main.m in Sources */,
			);
			runOnlyForDeploymentPostprocessing = 0;
		};
/* End PBXSourcesBuildPhase section */

/* Begin XCBuildConfiguration section */
		AC3FCE621E2A5F5100DB7478 /* Debug */ = {
			isa = XCBuildConfiguration;
			buildSettings = {
				ALWAYS_SEARCH_USER_PATHS = NO;
				CLANG_ANALYZER_NONNULL = YES;
				CLANG_ENABLE_MODULES = YES;
				CLANG_ENABLE_OBJC_ARC = YES;
				CLANG_WARN_BOOL_CONVERSION = YES;
				CLANG_WARN_CONSTANT_CONVERSION = YES;
				CLANG_WARN_DIRECT_OBJC_ISA_USAGE = YES_ERROR;
				CLANG_WARN_DOCUMENTATION_COMMENTS = YES;
				CLANG_WARN_EMPTY_BODY = YES;
				CLANG_WARN_ENUM_CONVERSION = YES;
				CLANG_WARN_INFINITE_RECURSION = YES;
				CLANG_WARN_INT_CONVERSION = YES;
				CLANG_WARN_OBJC_ROOT_CLASS = YES_ERROR;
				CLANG_WARN_SUSPICIOUS_MOVE = YES;
				CLANG_WARN_UNREACHABLE_CODE = YES;
				CLANG_WARN__DUPLICATE_METHOD_MATCH = YES;
				CODE_SIGN_IDENTITY = "-";
				COPY_PHASE_STRIP = NO;
				DEBUG_INFORMATION_FORMAT = dwarf;
				ENABLE_STRICT_OBJC_MSGSEND = YES;
				ENABLE_TESTABILITY = YES;
				GCC_DYNAMIC_NO_PIC = NO;
				GCC_NO_COMMON_BLOCKS = YES;
				GCC_OPTIMIZATION_LEVEL = 0;
				GCC_PREPROCESSOR_DEFINITIONS = (
					"DEBUG=1",
					"$(inherited)",
				);
				GCC_WARN_64_TO_32_BIT_CONVERSION = YES;
				GCC_WARN_ABOUT_RETURN_TYPE = YES_ERROR;
				GCC_WARN_UNDECLARED_SELECTOR = YES;
				GCC_WARN_UNINITIALIZED_AUTOS = YES_AGGRESSIVE;
				GCC_WARN_UNUSED_FUNCTION = YES;
				GCC_WARN_UNUSED_VARIABLE = YES;
				MACOSX_DEPLOYMENT_TARGET = 10.8;
				MTL_ENABLE_DEBUG_INFO = YES;
				ONLY_ACTIVE_ARCH = YES;
				SDKROOT = macosx;
			};
			name = Debug;
		};
		AC3FCE631E2A5F5100DB7478 /* Release */ = {
			isa = XCBuildConfiguration;
			buildSettings = {
				ALWAYS_SEARCH_USER_PATHS = NO;
				CLANG_ANALYZER_NONNULL = YES;
				CLANG_ENABLE_MODULES = YES;
				CLANG_ENABLE_OBJC_ARC = YES;
				CLANG_WARN_BOOL_CONVERSION = YES;
				CLANG_WARN_CONSTANT_CONVERSION = YES;
				CLANG_WARN_DIRECT_OBJC_ISA_USAGE = YES_ERROR;
				CLANG_WARN_DOCUMENTATION_COMMENTS = YES;
				CLANG_WARN_EMPTY_BODY = YES;
				CLANG_WARN_ENUM_CONVERSION = YES;
				CLANG_WARN_INFINITE_RECURSION = YES;
				CLANG_WARN_INT_CONVERSION = YES;
				CLANG_WARN_OBJC_ROOT_CLASS = YES_ERROR;
				CLANG_WARN_SUSPICIOUS_MOVE = YES;
				CLANG_WARN_UNREACHABLE_CODE = YES;
				CLANG_WARN__DUPLICATE_METHOD_MATCH = YES;
				CODE_SIGN_IDENTITY = "-";
				COPY_PHASE_STRIP = NO;
				DEBUG_INFORMATION_FORMAT = "dwarf-with-dsym";
				ENABLE_NS_ASSERTIONS = NO;
				ENABLE_STRICT_OBJC_MSGSEND = YES;
				GCC_NO_COMMON_BLOCKS = YES;
				GCC_WARN_64_TO_32_BIT_CONVERSION = YES;
				GCC_WARN_ABOUT_RETURN_TYPE = YES_ERROR;
				GCC_WARN_UNDECLARED_SELECTOR = YES;
				GCC_WARN_UNINITIALIZED_AUTOS = YES_AGGRESSIVE;
				GCC_WARN_UNUSED_FUNCTION = YES;
				GCC_WARN_UNUSED_VARIABLE = YES;
				MACOSX_DEPLOYMENT_TARGET = 10.8;
				MTL_ENABLE_DEBUG_INFO = NO;
				SDKROOT = macosx;
			};
			name = Release;
		};
		AC3FCE651E2A5F5100DB7478 /* Debug */ = {
			isa = XCBuildConfiguration;
			buildSettings = {
				PRODUCT_NAME = "$(TARGET_NAME)";
			};
			name = Debug;
		};
		AC3FCE661E2A5F5100DB7478 /* Release */ = {
			isa = XCBuildConfiguration;
			buildSettings = {
				PRODUCT_NAME = "$(TARGET_NAME)";
			};
			name = Release;
		};
/* End XCBuildConfiguration section */

/* Begin XCConfigurationList section */
		AC3FCE581E2A5F5100DB7478 /* Build configuration list for PBXProject "XcodeSimulatorTrasher" */ = {
			isa = XCConfigurationList;
			buildConfigurations = (
				AC3FCE621E2A5F5100DB7478 /* Debug */,
				AC3FCE631E2A5F5100DB7478 /* Release */,
			);
			defaultConfigurationIsVisible = 0;
			defaultConfigurationName = Release;
		};
		AC3FCE641E2A5F5100DB7478 /* Build configuration list for PBXNativeTarget "XcodeSimulatorTrasher" */ = {
			isa = XCConfigurationList;
			buildConfigurations = (
				AC3FCE651E2A5F5100DB7478 /* Debug */,
				AC3FCE661E2A5F5100DB7478 /* Release */,
			);
			defaultConfigurationIsVisible = 0;
			defaultConfigurationName = Release;
		};
/* End XCConfigurationList section */
	};
	rootObject = AC3FCE551E2A5F5100DB7478 /* Project object */;
}
